
Microsoft Visual Studio Solution File, Format Version 12.00
# Visual Studio 2013
VisualStudioVersion = 12.0.21005.1
MinimumVisualStudioVersion = 10.0.40219.1
Project("{FAE04EC0-301F-11D3-BF4B-00C04F79EFBC}") = "AzCam", "AzCam\AzCam.csproj", "{32282312-2CEC-472F-A548-13C66154C002}"
EndProject
Project("{FAE04EC0-301F-11D3-BF4B-00C04F79EFBC}") = "LcBuddy", "LcBuddy\LcBuddy.csproj", "{7CF2452A-DBF0-49A8-B673-2D17AFE1998C}"
EndProject
Global
	GlobalSection(SolutionConfigurationPlatforms) = preSolution
		Debug|Any CPU = Debug|Any CPU
		Release|Any CPU = Release|Any CPU
	EndGlobalSection
	GlobalSection(ProjectConfigurationPlatforms) = postSolution
		{32282312-2CEC-472F-A548-13C66154C002}.Debug|Any CPU.ActiveCfg = Debug|Any CPU
		{32282312-2CEC-472F-A548-13C66154C002}.Debug|Any CPU.Build.0 = Debug|Any CPU
		{32282312-2CEC-472F-A548-13C66154C002}.Release|Any CPU.ActiveCfg = Release|Any CPU
		{32282312-2CEC-472F-A548-13C66154C002}.Release|Any CPU.Build.0 = Release|Any CPU
		{7CF2452A-DBF0-49A8-B673-2D17AFE1998C}.Debug|Any CPU.ActiveCfg = Debug|Any CPU
		{7CF2452A-DBF0-49A8-B673-2D17AFE1998C}.Debug|Any CPU.Build.0 = Debug|Any CPU
		{7CF2452A-DBF0-49A8-B673-2D17AFE1998C}.Release|Any CPU.ActiveCfg = Release|Any CPU
		{7CF2452A-DBF0-49A8-B673-2D17AFE1998C}.Release|Any CPU.Build.0 = Release|Any CPU
	EndGlobalSection
	GlobalSection(SolutionProperties) = preSolution
		HideSolutionNode = FALSE
	EndGlobalSection
EndGlobal
